
Microsoft Visual Studio Solution File, Format Version 12.00
# Visual Studio Version 17
VisualStudioVersion = 17.9.34902.65
MinimumVisualStudioVersion = 10.0.40219.1
Project("{FAE04EC0-301F-11D3-BF4B-00C04F79EFBC}") = "ChangeTracker", "ChangeTracker\ChangeTracker.csproj", "{6803063B-B7DE-4EAB-BE5B-2DCA5B1DCEAD}"
EndProject
Global
	GlobalSection(SolutionConfigurationPlatforms) = preSolution
		Debug|Any CPU = Debug|Any CPU
		Release|Any CPU = Release|Any CPU
	EndGlobalSection
	GlobalSection(ProjectConfigurationPlatforms) = postSolution
		{6803063B-B7DE-4EAB-BE5B-2DCA5B1DCEAD}.Debug|Any CPU.ActiveCfg = Debug|Any CPU
		{6803063B-B7DE-4EAB-BE5B-2DCA5B1DCEAD}.Debug|Any CPU.Build.0 = Debug|Any CPU
		{6803063B-B7DE-4EAB-BE5B-2DCA5B1DCEAD}.Release|Any CPU.ActiveCfg = Release|Any CPU
		{6803063B-B7DE-4EAB-BE5B-2DCA5B1DCEAD}.Release|Any CPU.Build.0 = Release|Any CPU
	EndGlobalSection
	GlobalSection(SolutionProperties) = preSolution
		HideSolutionNode = FALSE
	EndGlobalSection
	GlobalSection(ExtensibilityGlobals) = postSolution
		SolutionGuid = {C888ADE9-B844-4B50-9FAF-50905A529417}
	EndGlobalSection
EndGlobal
